
Microsoft Visual Studio Solution File, Format Version 12.00
# Visual Studio Version 16
VisualStudioVersion = 16.0.30330.147
MinimumVisualStudioVersion = 10.0.40219.1
Project("{FAE04EC0-301F-11D3-BF4B-00C04F79EFBC}") = "ServAutenJwt", "ServAutenJwt.csproj", "{A354AA30-217B-49A5-B8B5-841EE2AAC333}"
EndProject
Global
	GlobalSection(SolutionConfigurationPlatforms) = preSolution
		Debug|Any CPU = Debug|Any CPU
		Release|Any CPU = Release|Any CPU
	EndGlobalSection
	GlobalSection(ProjectConfigurationPlatforms) = postSolution
		{A354AA30-217B-49A5-B8B5-841EE2AAC333}.Debug|Any CPU.ActiveCfg = Debug|Any CPU
		{A354AA30-217B-49A5-B8B5-841EE2AAC333}.Debug|Any CPU.Build.0 = Debug|Any CPU
		{A354AA30-217B-49A5-B8B5-841EE2AAC333}.Release|Any CPU.ActiveCfg = Release|Any CPU
		{A354AA30-217B-49A5-B8B5-841EE2AAC333}.Release|Any CPU.Build.0 = Release|Any CPU
	EndGlobalSection
	GlobalSection(SolutionProperties) = preSolution
		HideSolutionNode = FALSE
	EndGlobalSection
	GlobalSection(ExtensibilityGlobals) = postSolution
		SolutionGuid = {3B3C85C8-CE83-4293-A45F-7089B9F8213F}
	EndGlobalSection
EndGlobal
